// !$*UTF8*$!
{
	archiveVersion = 1;
	classes = {
	};
	objectVersion = 50;
	objects = {

/* Begin PBXBuildFile section */
		AB422F2F263237CB00304CEC /* AppDelegate.swift in Sources */ = {isa = PBXBuildFile; fileRef = AB422F2E263237CB00304CEC /* AppDelegate.swift */; };
		AB422F31263237CB00304CEC /* SceneDelegate.swift in Sources */ = {isa = PBXBuildFile; fileRef = AB422F30263237CB00304CEC /* SceneDelegate.swift */; };
		AB422F33263237CB00304CEC /* ViewController.swift in Sources */ = {isa = PBXBuildFile; fileRef = AB422F32263237CB00304CEC /* ViewController.swift */; };
		AB422F36263237CB00304CEC /* Main.storyboard in Resources */ = {isa = PBXBuildFile; fileRef = AB422F34263237CB00304CEC /* Main.storyboard */; };
		AB422F38263237CC00304CEC /* Assets.xcassets in Resources */ = {isa = PBXBuildFile; fileRef = AB422F37263237CC00304CEC /* Assets.xcassets */; };
		AB422F3B263237CC00304CEC /* LaunchScreen.storyboard in Resources */ = {isa = PBXBuildFile; fileRef = AB422F39263237CC00304CEC /* LaunchScreen.storyboard */; };
		AB422F46263237CC00304CEC /* IMCTests.swift in Sources */ = {isa = PBXBuildFile; fileRef = AB422F45263237CC00304CEC /* IMCTests.swift */; };
		AB422F51263237CC00304CEC /* IMCUITests.swift in Sources */ = {isa = PBXBuildFile; fileRef = AB422F50263237CC00304CEC /* IMCUITests.swift */; };
/* End PBXBuildFile section */

/* Begin PBXContainerItemProxy section */
		AB422F42263237CC00304CEC /* PBXContainerItemProxy */ = {
			isa = PBXContainerItemProxy;
			containerPortal = AB422F23263237CB00304CEC /* Project object */;
			proxyType = 1;
			remoteGlobalIDString = AB422F2A263237CB00304CEC;
			remoteInfo = IMC;
		};
		AB422F4D263237CC00304CEC /* PBXContainerItemProxy */ = {
			isa = PBXContainerItemProxy;
			containerPortal = AB422F23263237CB00304CEC /* Project object */;
			proxyType = 1;
			remoteGlobalIDString = AB422F2A263237CB00304CEC;
			remoteInfo = IMC;
		};
/* End PBXContainerItemProxy section */

/* Begin PBXFileReference section */
		AB422F2B263237CB00304CEC /* IMC.app */ = {isa = PBXFileReference; explicitFileType = wrapper.application; includeInIndex = 0; path = IMC.app; sourceTree = BUILT_PRODUCTS_DIR; };
		AB422F2E263237CB00304CEC /* AppDelegate.swift */ = {isa = PBXFileReference; lastKnownFileType = sourcecode.swift; path = AppDelegate.swift; sourceTree = "<group>"; };
		AB422F30263237CB00304CEC /* SceneDelegate.swift */ = {isa = PBXFileReference; lastKnownFileType = sourcecode.swift; path = SceneDelegate.swift; sourceTree = "<group>"; };
		AB422F32263237CB00304CEC /* ViewController.swift */ = {isa = PBXFileReference; lastKnownFileType = sourcecode.swift; path = ViewController.swift; sourceTree = "<group>"; };
		AB422F35263237CB00304CEC /* Base */ = {isa = PBXFileReference; lastKnownFileType = file.storyboard; name = Base; path = Base.lproj/Main.storyboard; sourceTree = "<group>"; };
		AB422F37263237CC00304CEC /* Assets.xcassets */ = {isa = PBXFileReference; lastKnownFileType = folder.assetcatalog; path = Assets.xcassets; sourceTree = "<group>"; };
		AB422F3A263237CC00304CEC /* Base */ = {isa = PBXFileReference; lastKnownFileType = file.storyboard; name = Base; path = Base.lproj/LaunchScreen.storyboard; sourceTree = "<group>"; };
		AB422F3C263237CC00304CEC /* Info.plist */ = {isa = PBXFileReference; lastKnownFileType = text.plist.xml; path = Info.plist; sourceTree = "<group>"; };
		AB422F41263237CC00304CEC /* IMCTests.xctest */ = {isa = PBXFileReference; explicitFileType = wrapper.cfbundle; includeInIndex = 0; path = IMCTests.xctest; sourceTree = BUILT_PRODUCTS_DIR; };
		AB422F45263237CC00304CEC /* IMCTests.swift */ = {isa = PBXFileReference; lastKnownFileType = sourcecode.swift; path = IMCTests.swift; sourceTree = "<group>"; };
		AB422F47263237CC00304CEC /* Info.plist */ = {isa = PBXFileReference; lastKnownFileType = text.plist.xml; path = Info.plist; sourceTree = "<group>"; };
		AB422F4C263237CC00304CEC /* IMCUITests.xctest */ = {isa = PBXFileReference; explicitFileType = wrapper.cfbundle; includeInIndex = 0; path = IMCUITests.xctest; sourceTree = BUILT_PRODUCTS_DIR; };
		AB422F50263237CC00304CEC /* IMCUITests.swift */ = {isa = PBXFileReference; lastKnownFileType = sourcecode.swift; path = IMCUITests.swift; sourceTree = "<group>"; };
		AB422F52263237CC00304CEC /* Info.plist */ = {isa = PBXFileReference; lastKnownFileType = text.plist.xml; path = Info.plist; sourceTree = "<group>"; };
/* End PBXFileReference section */

/* Begin PBXFrameworksBuildPhase section */
		AB422F28263237CB00304CEC /* Frameworks */ = {
			isa = PBXFrameworksBuildPhase;
			buildActionMask = 2147483647;
			files = (
			);
			runOnlyForDeploymentPostprocessing = 0;
		};
		AB422F3E263237CC00304CEC /* Frameworks */ = {
			isa = PBXFrameworksBuildPhase;
			buildActionMask = 2147483647;
			files = (
			);
			runOnlyForDeploymentPostprocessing = 0;
		};
		AB422F49263237CC00304CEC /* Frameworks */ = {
			isa = PBXFrameworksBuildPhase;
			buildActionMask = 2147483647;
			files = (
			);
			runOnlyForDeploymentPostprocessing = 0;
		};
/* End PBXFrameworksBuildPhase section */

/* Begin PBXGroup section */
		AB422F22263237CB00304CEC = {
			isa = PBXGroup;
			children = (
				AB422F2D263237CB00304CEC /* IMC */,
				AB422F44263237CC00304CEC /* IMCTests */,
				AB422F4F263237CC00304CEC /* IMCUITests */,
				AB422F2C263237CB00304CEC /* Products */,
			);
			sourceTree = "<group>";
		};
		AB422F2C263237CB00304CEC /* Products */ = {
			isa = PBXGroup;
			children = (
				AB422F2B263237CB00304CEC /* IMC.app */,
				AB422F41263237CC00304CEC /* IMCTests.xctest */,
				AB422F4C263237CC00304CEC /* IMCUITests.xctest */,
			);
			name = Products;
			sourceTree = "<group>";
		};
		AB422F2D263237CB00304CEC /* IMC */ = {
			isa = PBXGroup;
			children = (
				AB422F2E263237CB00304CEC /* AppDelegate.swift */,
				AB422F30263237CB00304CEC /* SceneDelegate.swift */,
				AB422F32263237CB00304CEC /* ViewController.swift */,
				AB422F34263237CB00304CEC /* Main.storyboard */,
				AB422F37263237CC00304CEC /* Assets.xcassets */,
				AB422F39263237CC00304CEC /* LaunchScreen.storyboard */,
				AB422F3C263237CC00304CEC /* Info.plist */,
			);
			path = IMC;
			sourceTree = "<group>";
		};
		AB422F44263237CC00304CEC /* IMCTests */ = {
			isa = PBXGroup;
			children = (
				AB422F45263237CC00304CEC /* IMCTests.swift */,
				AB422F47263237CC00304CEC /* Info.plist */,
			);
			path = IMCTests;
			sourceTree = "<group>";
		};
		AB422F4F263237CC00304CEC /* IMCUITests */ = {
			isa = PBXGroup;
			children = (
				AB422F50263237CC00304CEC /* IMCUITests.swift */,
				AB422F52263237CC00304CEC /* Info.plist */,
			);
			path = IMCUITests;
			sourceTree = "<group>";
		};
/* End PBXGroup section */

/* Begin PBXNativeTarget section */
		AB422F2A263237CB00304CEC /* IMC */ = {
			isa = PBXNativeTarget;
			buildConfigurationList = AB422F55263237CC00304CEC /* Build configuration list for PBXNativeTarget "IMC" */;
			buildPhases = (
				AB422F27263237CB00304CEC /* Sources */,
				AB422F28263237CB00304CEC /* Frameworks */,
				AB422F29263237CB00304CEC /* Resources */,
			);
			buildRules = (
			);
			dependencies = (
			);
			name = IMC;
			productName = IMC;
			productReference = AB422F2B263237CB00304CEC /* IMC.app */;
			productType = "com.apple.product-type.application";
		};
		AB422F40263237CC00304CEC /* IMCTests */ = {
			isa = PBXNativeTarget;
			buildConfigurationList = AB422F58263237CC00304CEC /* Build configuration list for PBXNativeTarget "IMCTests" */;
			buildPhases = (
				AB422F3D263237CC00304CEC /* Sources */,
				AB422F3E263237CC00304CEC /* Frameworks */,
				AB422F3F263237CC00304CEC /* Resources */,
			);
			buildRules = (
			);
			dependencies = (
				AB422F43263237CC00304CEC /* PBXTargetDependency */,
			);
			name = IMCTests;
			productName = IMCTests;
			productReference = AB422F41263237CC00304CEC /* IMCTests.xctest */;
			productType = "com.apple.product-type.bundle.unit-test";
		};
		AB422F4B263237CC00304CEC /* IMCUITests */ = {
			isa = PBXNativeTarget;
			buildConfigurationList = AB422F5B263237CC00304CEC /* Build configuration list for PBXNativeTarget "IMCUITests" */;
			buildPhases = (
				AB422F48263237CC00304CEC /* Sources */,
				AB422F49263237CC00304CEC /* Frameworks */,
				AB422F4A263237CC00304CEC /* Resources */,
			);
			buildRules = (
			);
			dependencies = (
				AB422F4E263237CC00304CEC /* PBXTargetDependency */,
			);
			name = IMCUITests;
			productName = IMCUITests;
			productReference = AB422F4C263237CC00304CEC /* IMCUITests.xctest */;
			productType = "com.apple.product-type.bundle.ui-testing";
		};
/* End PBXNativeTarget section */

/* Begin PBXProject section */
		AB422F23263237CB00304CEC /* Project object */ = {
			isa = PBXProject;
			attributes = {
				LastSwiftUpdateCheck = 1240;
				LastUpgradeCheck = 1240;
				TargetAttributes = {
					AB422F2A263237CB00304CEC = {
						CreatedOnToolsVersion = 12.4;
					};
					AB422F40263237CC00304CEC = {
						CreatedOnToolsVersion = 12.4;
						TestTargetID = AB422F2A263237CB00304CEC;
					};
					AB422F4B263237CC00304CEC = {
						CreatedOnToolsVersion = 12.4;
						TestTargetID = AB422F2A263237CB00304CEC;
					};
				};
			};
			buildConfigurationList = AB422F26263237CB00304CEC /* Build configuration list for PBXProject "IMC" */;
			compatibilityVersion = "Xcode 9.3";
			developmentRegion = en;
			hasScannedForEncodings = 0;
			knownRegions = (
				en,
				Base,
			);
			mainGroup = AB422F22263237CB00304CEC;
			productRefGroup = AB422F2C263237CB00304CEC /* Products */;
			projectDirPath = "";
			projectRoot = "";
			targets = (
				AB422F2A263237CB00304CEC /* IMC */,
				AB422F40263237CC00304CEC /* IMCTests */,
				AB422F4B263237CC00304CEC /* IMCUITests */,
			);
		};
/* End PBXProject section */

/* Begin PBXResourcesBuildPhase section */
		AB422F29263237CB00304CEC /* Resources */ = {
			isa = PBXResourcesBuildPhase;
			buildActionMask = 2147483647;
			files = (
				AB422F3B263237CC00304CEC /* LaunchScreen.storyboard in Resources */,
				AB422F38263237CC00304CEC /* Assets.xcassets in Resources */,
				AB422F36263237CB00304CEC /* Main.storyboard in Resources */,
			);
			runOnlyForDeploymentPostprocessing = 0;
		};
		AB422F3F263237CC00304CEC /* Resources */ = {
			isa = PBXResourcesBuildPhase;
			buildActionMask = 2147483647;
			files = (
			);
			runOnlyForDeploymentPostprocessing = 0;
		};
		AB422F4A263237CC00304CEC /* Resources */ = {
			isa = PBXResourcesBuildPhase;
			buildActionMask = 2147483647;
			files = (
			);
			runOnlyForDeploymentPostprocessing = 0;
		};
/* End PBXResourcesBuildPhase section */

/* Begin PBXSourcesBuildPhase section */
		AB422F27263237CB00304CEC /* Sources */ = {
			isa = PBXSourcesBuildPhase;
			buildActionMask = 2147483647;
			files = (
				AB422F33263237CB00304CEC /* ViewController.swift in Sources */,
				AB422F2F263237CB00304CEC /* AppDelegate.swift in Sources */,
				AB422F31263237CB00304CEC /* SceneDelegate.swift in Sources */,
			);
			runOnlyForDeploymentPostprocessing = 0;
		};
		AB422F3D263237CC00304CEC /* Sources */ = {
			isa = PBXSourcesBuildPhase;
			buildActionMask = 2147483647;
			files = (
				AB422F46263237CC00304CEC /* IMCTests.swift in Sources */,
			);
			runOnlyForDeploymentPostprocessing = 0;
		};
		AB422F48263237CC00304CEC /* Sources */ = {
			isa = PBXSourcesBuildPhase;
			buildActionMask = 2147483647;
			files = (
				AB422F51263237CC00304CEC /* IMCUITests.swift in Sources */,
			);
			runOnlyForDeploymentPostprocessing = 0;
		};
/* End PBXSourcesBuildPhase section */

/* Begin PBXTargetDependency section */
		AB422F43263237CC00304CEC /* PBXTargetDependency */ = {
			isa = PBXTargetDependency;
			target = AB422F2A263237CB00304CEC /* IMC */;
			targetProxy = AB422F42263237CC00304CEC /* PBXContainerItemProxy */;
		};
		AB422F4E263237CC00304CEC /* PBXTargetDependency */ = {
			isa = PBXTargetDependency;
			target = AB422F2A263237CB00304CEC /* IMC */;
			targetProxy = AB422F4D263237CC00304CEC /* PBXContainerItemProxy */;
		};
/* End PBXTargetDependency section */

/* Begin PBXVariantGroup section */
		AB422F34263237CB00304CEC /* Main.storyboard */ = {
			isa = PBXVariantGroup;
			children = (
				AB422F35263237CB00304CEC /* Base */,
			);
			name = Main.storyboard;
			sourceTree = "<group>";
		};
		AB422F39263237CC00304CEC /* LaunchScreen.storyboard */ = {
			isa = PBXVariantGroup;
			children = (
				AB422F3A263237CC00304CEC /* Base */,
			);
			name = LaunchScreen.storyboard;
			sourceTree = "<group>";
		};
/* End PBXVariantGroup section */

/* Begin XCBuildConfiguration section */
		AB422F53263237CC00304CEC /* Debug */ = {
			isa = XCBuildConfiguration;
			buildSettings = {
				ALWAYS_SEARCH_USER_PATHS = NO;
				CLANG_ANALYZER_NONNULL = YES;
				CLANG_ANALYZER_NUMBER_OBJECT_CONVERSION = YES_AGGRESSIVE;
				CLANG_CXX_LANGUAGE_STANDARD = "gnu++14";
				CLANG_CXX_LIBRARY = "libc++";
				CLANG_ENABLE_MODULES = YES;
				CLANG_ENABLE_OBJC_ARC = YES;
				CLANG_ENABLE_OBJC_WEAK = YES;
				CLANG_WARN_BLOCK_CAPTURE_AUTORELEASING = YES;
				CLANG_WARN_BOOL_CONVERSION = YES;
				CLANG_WARN_COMMA = YES;
				CLANG_WARN_CONSTANT_CONVERSION = YES;
				CLANG_WARN_DEPRECATED_OBJC_IMPLEMENTATIONS = YES;
				CLANG_WARN_DIRECT_OBJC_ISA_USAGE = YES_ERROR;
				CLANG_WARN_DOCUMENTATION_COMMENTS = YES;
				CLANG_WARN_EMPTY_BODY = YES;
				CLANG_WARN_ENUM_CONVERSION = YES;
				CLANG_WARN_INFINITE_RECURSION = YES;
				CLANG_WARN_INT_CONVERSION = YES;
				CLANG_WARN_NON_LITERAL_NULL_CONVERSION = YES;
				CLANG_WARN_OBJC_IMPLICIT_RETAIN_SELF = YES;
				CLANG_WARN_OBJC_LITERAL_CONVERSION = YES;
				CLANG_WARN_OBJC_ROOT_CLASS = YES_ERROR;
				CLANG_WARN_QUOTED_INCLUDE_IN_FRAMEWORK_HEADER = YES;
				CLANG_WARN_RANGE_LOOP_ANALYSIS = YES;
				CLANG_WARN_STRICT_PROTOTYPES = YES;
				CLANG_WARN_SUSPICIOUS_MOVE = YES;
				CLANG_WARN_UNGUARDED_AVAILABILITY = YES_AGGRESSIVE;
				CLANG_WARN_UNREACHABLE_CODE = YES;
				CLANG_WARN__DUPLICATE_METHOD_MATCH = YES;
				COPY_PHASE_STRIP = NO;
				DEBUG_INFORMATION_FORMAT = dwarf;
				ENABLE_STRICT_OBJC_MSGSEND = YES;
				ENABLE_TESTABILITY = YES;
				GCC_C_LANGUAGE_STANDARD = gnu11;
				GCC_DYNAMIC_NO_PIC = NO;
				GCC_NO_COMMON_BLOCKS = YES;
				GCC_OPTIMIZATION_LEVEL = 0;
				GCC_PREPROCESSOR_DEFINITIONS = (
					"DEBUG=1",
					"$(inherited)",
				);
				GCC_WARN_64_TO_32_BIT_CONVERSION = YES;
				GCC_WARN_ABOUT_RETURN_TYPE = YES_ERROR;
				GCC_WARN_UNDECLARED_SELECTOR = YES;
				GCC_WARN_UNINITIALIZED_AUTOS = YES_AGGRESSIVE;
				GCC_WARN_UNUSED_FUNCTION = YES;
				GCC_WARN_UNUSED_VARIABLE = YES;
				IPHONEOS_DEPLOYMENT_TARGET = 14.4;
				MTL_ENABLE_DEBUG_INFO = INCLUDE_SOURCE;
				MTL_FAST_MATH = YES;
				ONLY_ACTIVE_ARCH = YES;
				SDKROOT = iphoneos;
				SWIFT_ACTIVE_COMPILATION_CONDITIONS = DEBUG;
				SWIFT_OPTIMIZATION_LEVEL = "-Onone";
			};
			name = Debug;
		};
		AB422F54263237CC00304CEC /* Release */ = {
			isa = XCBuildConfiguration;
			buildSettings = {
				ALWAYS_SEARCH_USER_PATHS = NO;
				CLANG_ANALYZER_NONNULL = YES;
				CLANG_ANALYZER_NUMBER_OBJECT_CONVERSION = YES_AGGRESSIVE;
				CLANG_CXX_LANGUAGE_STANDARD = "gnu++14";
				CLANG_CXX_LIBRARY = "libc++";
				CLANG_ENABLE_MODULES = YES;
				CLANG_ENABLE_OBJC_ARC = YES;
				CLANG_ENABLE_OBJC_WEAK = YES;
				CLANG_WARN_BLOCK_CAPTURE_AUTORELEASING = YES;
				CLANG_WARN_BOOL_CONVERSION = YES;
				CLANG_WARN_COMMA = YES;
				CLANG_WARN_CONSTANT_CONVERSION = YES;
				CLANG_WARN_DEPRECATED_OBJC_IMPLEMENTATIONS = YES;
				CLANG_WARN_DIRECT_OBJC_ISA_USAGE = YES_ERROR;
				CLANG_WARN_DOCUMENTATION_COMMENTS = YES;
				CLANG_WARN_EMPTY_BODY = YES;
				CLANG_WARN_ENUM_CONVERSION = YES;
				CLANG_WARN_INFINITE_RECURSION = YES;
				CLANG_WARN_INT_CONVERSION = YES;
				CLANG_WARN_NON_LITERAL_NULL_CONVERSION = YES;
				CLANG_WARN_OBJC_IMPLICIT_RETAIN_SELF = YES;
				CLANG_WARN_OBJC_LITERAL_CONVERSION = YES;
				CLANG_WARN_OBJC_ROOT_CLASS = YES_ERROR;
				CLANG_WARN_QUOTED_INCLUDE_IN_FRAMEWORK_HEADER = YES;
				CLANG_WARN_RANGE_LOOP_ANALYSIS = YES;
				CLANG_WARN_STRICT_PROTOTYPES = YES;
				CLANG_WARN_SUSPICIOUS_MOVE = YES;
				CLANG_WARN_UNGUARDED_AVAILABILITY = YES_AGGRESSIVE;
				CLANG_WARN_UNREACHABLE_CODE = YES;
				CLANG_WARN__DUPLICATE_METHOD_MATCH = YES;
				COPY_PHASE_STRIP = NO;
				DEBUG_INFORMATION_FORMAT = "dwarf-with-dsym";
				ENABLE_NS_ASSERTIONS = NO;
				ENABLE_STRICT_OBJC_MSGSEND = YES;
				GCC_C_LANGUAGE_STANDARD = gnu11;
				GCC_NO_COMMON_BLOCKS = YES;
				GCC_WARN_64_TO_32_BIT_CONVERSION = YES;
				GCC_WARN_ABOUT_RETURN_TYPE = YES_ERROR;
				GCC_WARN_UNDECLARED_SELECTOR = YES;
				GCC_WARN_UNINITIALIZED_AUTOS = YES_AGGRESSIVE;
				GCC_WARN_UNUSED_FUNCTION = YES;
				GCC_WARN_UNUSED_VARIABLE = YES;
				IPHONEOS_DEPLOYMENT_TARGET = 14.4;
				MTL_ENABLE_DEBUG_INFO = NO;
				MTL_FAST_MATH = YES;
				SDKROOT = iphoneos;
				SWIFT_COMPILATION_MODE = wholemodule;
				SWIFT_OPTIMIZATION_LEVEL = "-O";
				VALIDATE_PRODUCT = YES;
			};
			name = Release;
		};
		AB422F56263237CC00304CEC /* Debug */ = {
			isa = XCBuildConfiguration;
			buildSettings = {
				ASSETCATALOG_COMPILER_APPICON_NAME = AppIcon;
				ASSETCATALOG_COMPILER_GLOBAL_ACCENT_COLOR_NAME = AccentColor;
				CODE_SIGN_STYLE = Automatic;
				INFOPLIST_FILE = IMC/Info.plist;
				LD_RUNPATH_SEARCH_PATHS = (
					"$(inherited)",
					"@executable_path/Frameworks",
				);
				PRODUCT_BUNDLE_IDENTIFIER = br.com.levyhanunes.IMC;
				PRODUCT_NAME = "$(TARGET_NAME)";
				SWIFT_VERSION = 5.0;
				TARGETED_DEVICE_FAMILY = "1,2";
			};
			name = Debug;
		};
		AB422F57263237CC00304CEC /* Release */ = {
			isa = XCBuildConfiguration;
			buildSettings = {
				ASSETCATALOG_COMPILER_APPICON_NAME = AppIcon;
				ASSETCATALOG_COMPILER_GLOBAL_ACCENT_COLOR_NAME = AccentColor;
				CODE_SIGN_STYLE = Automatic;
				INFOPLIST_FILE = IMC/Info.plist;
				LD_RUNPATH_SEARCH_PATHS = (
					"$(inherited)",
					"@executable_path/Frameworks",
				);
				PRODUCT_BUNDLE_IDENTIFIER = br.com.levyhanunes.IMC;
				PRODUCT_NAME = "$(TARGET_NAME)";
				SWIFT_VERSION = 5.0;
				TARGETED_DEVICE_FAMILY = "1,2";
			};
			name = Release;
		};
		AB422F59263237CC00304CEC /* Debug */ = {
			isa = XCBuildConfiguration;
			buildSettings = {
				ALWAYS_EMBED_SWIFT_STANDARD_LIBRARIES = YES;
				BUNDLE_LOADER = "$(TEST_HOST)";
				CODE_SIGN_STYLE = Automatic;
				INFOPLIST_FILE = IMCTests/Info.plist;
				IPHONEOS_DEPLOYMENT_TARGET = 14.4;
				LD_RUNPATH_SEARCH_PATHS = (
					"$(inherited)",
					"@executable_path/Frameworks",
					"@loader_path/Frameworks",
				);
				PRODUCT_BUNDLE_IDENTIFIER = br.com.levyhanunes.IMCTests;
				PRODUCT_NAME = "$(TARGET_NAME)";
				SWIFT_VERSION = 5.0;
				TARGETED_DEVICE_FAMILY = "1,2";
				TEST_HOST = "$(BUILT_PRODUCTS_DIR)/IMC.app/IMC";
			};
			name = Debug;
		};
		AB422F5A263237CC00304CEC /* Release */ = {
			isa = XCBuildConfiguration;
			buildSettings = {
				ALWAYS_EMBED_SWIFT_STANDARD_LIBRARIES = YES;
				BUNDLE_LOADER = "$(TEST_HOST)";
				CODE_SIGN_STYLE = Automatic;
				INFOPLIST_FILE = IMCTests/Info.plist;
				IPHONEOS_DEPLOYMENT_TARGET = 14.4;
				LD_RUNPATH_SEARCH_PATHS = (
					"$(inherited)",
					"@executable_path/Frameworks",
					"@loader_path/Frameworks",
				);
				PRODUCT_BUNDLE_IDENTIFIER = br.com.levyhanunes.IMCTests;
				PRODUCT_NAME = "$(TARGET_NAME)";
				SWIFT_VERSION = 5.0;
				TARGETED_DEVICE_FAMILY = "1,2";
				TEST_HOST = "$(BUILT_PRODUCTS_DIR)/IMC.app/IMC";
			};
			name = Release;
		};
		AB422F5C263237CC00304CEC /* Debug */ = {
			isa = XCBuildConfiguration;
			buildSettings = {
				ALWAYS_EMBED_SWIFT_STANDARD_LIBRARIES = YES;
				CODE_SIGN_STYLE = Automatic;
				INFOPLIST_FILE = IMCUITests/Info.plist;
				LD_RUNPATH_SEARCH_PATHS = (
					"$(inherited)",
					"@executable_path/Frameworks",
					"@loader_path/Frameworks",
				);
				PRODUCT_BUNDLE_IDENTIFIER = br.com.levyhanunes.IMCUITests;
				PRODUCT_NAME = "$(TARGET_NAME)";
				SWIFT_VERSION = 5.0;
				TARGETED_DEVICE_FAMILY = "1,2";
				TEST_TARGET_NAME = IMC;
			};
			name = Debug;
		};
		AB422F5D263237CC00304CEC /* Release */ = {
			isa = XCBuildConfiguration;
			buildSettings = {
				ALWAYS_EMBED_SWIFT_STANDARD_LIBRARIES = YES;
				CODE_SIGN_STYLE = Automatic;
				INFOPLIST_FILE = IMCUITests/Info.plist;
				LD_RUNPATH_SEARCH_PATHS = (
					"$(inherited)",
					"@executable_path/Frameworks",
					"@loader_path/Frameworks",
				);
				PRODUCT_BUNDLE_IDENTIFIER = br.com.levyhanunes.IMCUITests;
				PRODUCT_NAME = "$(TARGET_NAME)";
				SWIFT_VERSION = 5.0;
				TARGETED_DEVICE_FAMILY = "1,2";
				TEST_TARGET_NAME = IMC;
			};
			name = Release;
		};
/* End XCBuildConfiguration section */

/* Begin XCConfigurationList section */
		AB422F26263237CB00304CEC /* Build configuration list for PBXProject "IMC" */ = {
			isa = XCConfigurationList;
			buildConfigurations = (
				AB422F53263237CC00304CEC /* Debug */,
				AB422F54263237CC00304CEC /* Release */,
			);
			defaultConfigurationIsVisible = 0;
			defaultConfigurationName = Release;
		};
		AB422F55263237CC00304CEC /* Build configuration list for PBXNativeTarget "IMC" */ = {
			isa = XCConfigurationList;
			buildConfigurations = (
				AB422F56263237CC00304CEC /* Debug */,
				AB422F57263237CC00304CEC /* Release */,
			);
			defaultConfigurationIsVisible = 0;
			defaultConfigurationName = Release;
		};
		AB422F58263237CC00304CEC /* Build configuration list for PBXNativeTarget "IMCTests" */ = {
			isa = XCConfigurationList;
			buildConfigurations = (
				AB422F59263237CC00304CEC /* Debug */,
				AB422F5A263237CC00304CEC /* Release */,
			);
			defaultConfigurationIsVisible = 0;
			defaultConfigurationName = Release;
		};
		AB422F5B263237CC00304CEC /* Build configuration list for PBXNativeTarget "IMCUITests" */ = {
			isa = XCConfigurationList;
			buildConfigurations = (
				AB422F5C263237CC00304CEC /* Debug */,
				AB422F5D263237CC00304CEC /* Release */,
			);
			defaultConfigurationIsVisible = 0;
			defaultConfigurationName = Release;
		};
/* End XCConfigurationList section */
	};
	rootObject = AB422F23263237CB00304CEC /* Project object */;
}
